dependencies:
  h2zero/esp-nimble-cpp:
    component_hash: ecdcabe83333948495103f9d62e4ecb651bff866fce123d00bfc106baa383e54
    dependencies:
    - name: espressif/esp_hosted
      registry_url: https://components.espressif.com
      require: private
      rules:
      - if: target in [esp32p4]
      version: '*'
    - name: espressif/esp_wifi_remote
      registry_url: https://components.espressif.com
      require: private
      rules:
      - if: target in [esp32p4]
      version: '>=0.5.3'
    - name: idf
      require: private
      rules:
      - if: target in [esp32p4]
      version: '>=5.3.0'
    source:
      registry_url: https://components.espressif.com/
      type: service
    version: 2.3.4
  idf:
    source:
      type: idf
    version: 5.5.2
direct_dependencies:
- h2zero/esp-nimble-cpp
- idf
manifest_hash: 05bc44982d50f22c4a464739369799af2a6ffa2b56fb38a1a9d65d650c49342d
target: esp32
version: 2.0.0
